
Microsoft Visual Studio Solution File, Format Version 12.00
# Visual Studio Version 16
VisualStudioVersion = 16.0.30011.22
MinimumVisualStudioVersion = 10.0.40219.1
Project("{FAE04EC0-301F-11D3-BF4B-00C04F79EFBC}") = "Midterm_EdwardBoca", "Midterm_EdwardBoca\Midterm_EdwardBoca.csproj", "{6E4A1538-2018-48C3-A0D1-BFFFD135CCBB}"
EndProject
Global
	GlobalSection(SolutionConfigurationPlatforms) = preSolution
		Debug|Any CPU = Debug|Any CPU
		Release|Any CPU = Release|Any CPU
	EndGlobalSection
	GlobalSection(ProjectConfigurationPlatforms) = postSolution
		{6E4A1538-2018-48C3-A0D1-BFFFD135CCBB}.Debug|Any CPU.ActiveCfg = Debug|Any CPU
		{6E4A1538-2018-48C3-A0D1-BFFFD135CCBB}.Debug|Any CPU.Build.0 = Debug|Any CPU
		{6E4A1538-2018-48C3-A0D1-BFFFD135CCBB}.Release|Any CPU.ActiveCfg = Release|Any CPU
		{6E4A1538-2018-48C3-A0D1-BFFFD135CCBB}.Release|Any CPU.Build.0 = Release|Any CPU
	EndGlobalSection
	GlobalSection(SolutionProperties) = preSolution
		HideSolutionNode = FALSE
	EndGlobalSection
	GlobalSection(ExtensibilityGlobals) = postSolution
		SolutionGuid = {CD55DAC9-CAE7-466E-A1A6-E891B641FE12}
	EndGlobalSection
EndGlobal
